// !$*UTF8*$!
{
	archiveVersion = 1;
	classes = {
	};
	objectVersion = 55;
	objects = {

/* Begin PBXBuildFile section */
		6A016CD727DAF0A10052257B /* SimpleChuckApp.swift in Sources */ = {isa = PBXBuildFile; fileRef = 6A016CD627DAF0A10052257B /* SimpleChuckApp.swift */; };
		6A016CD927DAF0A10052257B /* ContentView.swift in Sources */ = {isa = PBXBuildFile; fileRef = 6A016CD827DAF0A10052257B /* ContentView.swift */; };
		6A016CDB27DAF0A30052257B /* Assets.xcassets in Resources */ = {isa = PBXBuildFile; fileRef = 6A016CDA27DAF0A30052257B /* Assets.xcassets */; };
		6A016CDE27DAF0A30052257B /* Preview Assets.xcassets in Resources */ = {isa = PBXBuildFile; fileRef = 6A016CDD27DAF0A30052257B /* Preview Assets.xcassets */; };
		6A016CE627DAF10A0052257B /* Joke.swift in Sources */ = {isa = PBXBuildFile; fileRef = 6A016CE527DAF10A0052257B /* Joke.swift */; };
		6A016CE927DAF14E0052257B /* JokeManager.swift in Sources */ = {isa = PBXBuildFile; fileRef = 6A016CE827DAF14E0052257B /* JokeManager.swift */; };
		6A016CEC27DC35710052257B /* JokeViewModel.swift in Sources */ = {isa = PBXBuildFile; fileRef = 6A016CEB27DC35710052257B /* JokeViewModel.swift */; };
		6A016CF127DC3EDA0052257B /* JokeHeaderView.swift in Sources */ = {isa = PBXBuildFile; fileRef = 6A016CF027DC3EDA0052257B /* JokeHeaderView.swift */; };
		6A016CF327DD39CC0052257B /* JokeListView.swift in Sources */ = {isa = PBXBuildFile; fileRef = 6A016CF227DD39CC0052257B /* JokeListView.swift */; };
		6A016CF527DD47F20052257B /* JokesView.swift in Sources */ = {isa = PBXBuildFile; fileRef = 6A016CF427DD47F20052257B /* JokesView.swift */; };
		6A93BAE127E037820069384A /* MyStyles.swift in Sources */ = {isa = PBXBuildFile; fileRef = 6A93BAE027E037820069384A /* MyStyles.swift */; };
		6ADD26BB27E2BE0400F3D35E /* CategoryListView.swift in Sources */ = {isa = PBXBuildFile; fileRef = 6ADD26BA27E2BE0400F3D35E /* CategoryListView.swift */; };
		6ADD26BD27EF92FA00F3D35E /* jvmSpeach.swift in Sources */ = {isa = PBXBuildFile; fileRef = 6ADD26BC27EF92FA00F3D35E /* jvmSpeach.swift */; };
		6ADD26BF27EF961200F3D35E /* JokeDetailView.swift in Sources */ = {isa = PBXBuildFile; fileRef = 6ADD26BE27EF961200F3D35E /* JokeDetailView.swift */; };
/* End PBXBuildFile section */

/* Begin PBXFileReference section */
		6A016CD327DAF0A10052257B /* SimpleChuck.app */ = {isa = PBXFileReference; explicitFileType = wrapper.application; includeInIndex = 0; path = SimpleChuck.app; sourceTree = BUILT_PRODUCTS_DIR; };
		6A016CD627DAF0A10052257B /* SimpleChuckApp.swift */ = {isa = PBXFileReference; lastKnownFileType = sourcecode.swift; path = SimpleChuckApp.swift; sourceTree = "<group>"; };
		6A016CD827DAF0A10052257B /* ContentView.swift */ = {isa = PBXFileReference; lastKnownFileType = sourcecode.swift; path = ContentView.swift; sourceTree = "<group>"; };
		6A016CDA27DAF0A30052257B /* Assets.xcassets */ = {isa = PBXFileReference; lastKnownFileType = folder.assetcatalog; path = Assets.xcassets; sourceTree = "<group>"; };
		6A016CDD27DAF0A30052257B /* Preview Assets.xcassets */ = {isa = PBXFileReference; lastKnownFileType = folder.assetcatalog; path = "Preview Assets.xcassets"; sourceTree = "<group>"; };
		6A016CE527DAF10A0052257B /* Joke.swift */ = {isa = PBXFileReference; lastKnownFileType = sourcecode.swift; path = Joke.swift; sourceTree = "<group>"; };
		6A016CE827DAF14E0052257B /* JokeManager.swift */ = {isa = PBXFileReference; lastKnownFileType = sourcecode.swift; path = JokeManager.swift; sourceTree = "<group>"; };
		6A016CEB27DC35710052257B /* JokeViewModel.swift */ = {isa = PBXFileReference; lastKnownFileType = sourcecode.swift; path = JokeViewModel.swift; sourceTree = "<group>"; };
		6A016CF027DC3EDA0052257B /* JokeHeaderView.swift */ = {isa = PBXFileReference; lastKnownFileType = sourcecode.swift; path = JokeHeaderView.swift; sourceTree = "<group>"; };
		6A016CF227DD39CC0052257B /* JokeListView.swift */ = {isa = PBXFileReference; lastKnownFileType = sourcecode.swift; path = JokeListView.swift; sourceTree = "<group>"; };
		6A016CF427DD47F20052257B /* JokesView.swift */ = {isa = PBXFileReference; lastKnownFileType = sourcecode.swift; path = JokesView.swift; sourceTree = "<group>"; };
		6A93BAE027E037820069384A /* MyStyles.swift */ = {isa = PBXFileReference; lastKnownFileType = sourcecode.swift; path = MyStyles.swift; sourceTree = "<group>"; };
		6ADD26BA27E2BE0400F3D35E /* CategoryListView.swift */ = {isa = PBXFileReference; lastKnownFileType = sourcecode.swift; path = CategoryListView.swift; sourceTree = "<group>"; };
		6ADD26BC27EF92FA00F3D35E /* jvmSpeach.swift */ = {isa = PBXFileReference; lastKnownFileType = sourcecode.swift; path = jvmSpeach.swift; sourceTree = "<group>"; };
		6ADD26BE27EF961200F3D35E /* JokeDetailView.swift */ = {isa = PBXFileReference; lastKnownFileType = sourcecode.swift; path = JokeDetailView.swift; sourceTree = "<group>"; };
/* End PBXFileReference section */

/* Begin PBXFrameworksBuildPhase section */
		6A016CD027DAF0A10052257B /* Frameworks */ = {
			isa = PBXFrameworksBuildPhase;
			buildActionMask = 2147483647;
			files = (
			);
			runOnlyForDeploymentPostprocessing = 0;
		};
/* End PBXFrameworksBuildPhase section */

/* Begin PBXGroup section */
		6A016CCA27DAF0A10052257B = {
			isa = PBXGroup;
			children = (
				6A016CD527DAF0A10052257B /* SimpleChuck */,
				6A016CD427DAF0A10052257B /* Products */,
			);
			sourceTree = "<group>";
		};
		6A016CD427DAF0A10052257B /* Products */ = {
			isa = PBXGroup;
			children = (
				6A016CD327DAF0A10052257B /* SimpleChuck.app */,
			);
			name = Products;
			sourceTree = "<group>";
		};
		6A016CD527DAF0A10052257B /* SimpleChuck */ = {
			isa = PBXGroup;
			children = (
				6A93BADF27E037520069384A /* Components */,
				6A016CED27DC3E890052257B /* Views */,
				6A016CEA27DC353E0052257B /* ViewModel */,
				6A016CE727DAF1230052257B /* Network */,
				6A016CE427DAF0F80052257B /* Model */,
				6A016CD627DAF0A10052257B /* SimpleChuckApp.swift */,
				6A016CD827DAF0A10052257B /* ContentView.swift */,
				6A016CDA27DAF0A30052257B /* Assets.xcassets */,
				6A016CDC27DAF0A30052257B /* Preview Content */,
			);
			path = SimpleChuck;
			sourceTree = "<group>";
		};
		6A016CDC27DAF0A30052257B /* Preview Content */ = {
			isa = PBXGroup;
			children = (
				6A016CDD27DAF0A30052257B /* Preview Assets.xcassets */,
			);
			path = "Preview Content";
			sourceTree = "<group>";
		};
		6A016CE427DAF0F80052257B /* Model */ = {
			isa = PBXGroup;
			children = (
				6A016CE527DAF10A0052257B /* Joke.swift */,
			);
			path = Model;
			sourceTree = "<group>";
		};
		6A016CE727DAF1230052257B /* Network */ = {
			isa = PBXGroup;
			children = (
				6A016CE827DAF14E0052257B /* JokeManager.swift */,
			);
			path = Network;
			sourceTree = "<group>";
		};
		6A016CEA27DC353E0052257B /* ViewModel */ = {
			isa = PBXGroup;
			children = (
				6A016CEB27DC35710052257B /* JokeViewModel.swift */,
				6ADD26BC27EF92FA00F3D35E /* jvmSpeach.swift */,
			);
			path = ViewModel;
			sourceTree = "<group>";
		};
		6A016CED27DC3E890052257B /* Views */ = {
			isa = PBXGroup;
			children = (
				6A016CF027DC3EDA0052257B /* JokeHeaderView.swift */,
				6A016CF227DD39CC0052257B /* JokeListView.swift */,
				6A016CF427DD47F20052257B /* JokesView.swift */,
				6ADD26BA27E2BE0400F3D35E /* CategoryListView.swift */,
				6ADD26BE27EF961200F3D35E /* JokeDetailView.swift */,
			);
			path = Views;
			sourceTree = "<group>";
		};
		6A93BADF27E037520069384A /* Components */ = {
			isa = PBXGroup;
			children = (
				6A93BAE027E037820069384A /* MyStyles.swift */,
			);
			path = Components;
			sourceTree = "<group>";
		};
/* End PBXGroup section */

/* Begin PBXNativeTarget section */
		6A016CD227DAF0A10052257B /* SimpleChuck */ = {
			isa = PBXNativeTarget;
			buildConfigurationList = 6A016CE127DAF0A30052257B /* Build configuration list for PBXNativeTarget "SimpleChuck" */;
			buildPhases = (
				6A016CCF27DAF0A10052257B /* Sources */,
				6A016CD027DAF0A10052257B /* Frameworks */,
				6A016CD127DAF0A10052257B /* Resources */,
			);
			buildRules = (
			);
			dependencies = (
			);
			name = SimpleChuck;
			productName = SimpleChuck;
			productReference = 6A016CD327DAF0A10052257B /* SimpleChuck.app */;
			productType = "com.apple.product-type.application";
		};
/* End PBXNativeTarget section */

/* Begin PBXProject section */
		6A016CCB27DAF0A10052257B /* Project object */ = {
			isa = PBXProject;
			attributes = {
				BuildIndependentTargetsInParallel = 1;
				LastSwiftUpdateCheck = 1320;
				LastUpgradeCheck = 1320;
				TargetAttributes = {
					6A016CD227DAF0A10052257B = {
						CreatedOnToolsVersion = 13.2.1;
					};
				};
			};
			buildConfigurationList = 6A016CCE27DAF0A10052257B /* Build configuration list for PBXProject "SimpleChuck" */;
			compatibilityVersion = "Xcode 13.0";
			developmentRegion = en;
			hasScannedForEncodings = 0;
			knownRegions = (
				en,
				Base,
			);
			mainGroup = 6A016CCA27DAF0A10052257B;
			productRefGroup = 6A016CD427DAF0A10052257B /* Products */;
			projectDirPath = "";
			projectRoot = "";
			targets = (
				6A016CD227DAF0A10052257B /* SimpleChuck */,
			);
		};
/* End PBXProject section */

/* Begin PBXResourcesBuildPhase section */
		6A016CD127DAF0A10052257B /* Resources */ = {
			isa = PBXResourcesBuildPhase;
			buildActionMask = 2147483647;
			files = (
				6A016CDE27DAF0A30052257B /* Preview Assets.xcassets in Resources */,
				6A016CDB27DAF0A30052257B /* Assets.xcassets in Resources */,
			);
			runOnlyForDeploymentPostprocessing = 0;
		};
/* End PBXResourcesBuildPhase section */

/* Begin PBXSourcesBuildPhase section */
		6A016CCF27DAF0A10052257B /* Sources */ = {
			isa = PBXSourcesBuildPhase;
			buildActionMask = 2147483647;
			files = (
				6A016CEC27DC35710052257B /* JokeViewModel.swift in Sources */,
				6A93BAE127E037820069384A /* MyStyles.swift in Sources */,
				6A016CE927DAF14E0052257B /* JokeManager.swift in Sources */,
				6A016CD927DAF0A10052257B /* ContentView.swift in Sources */,
				6ADD26BB27E2BE0400F3D35E /* CategoryListView.swift in Sources */,
				6A016CF127DC3EDA0052257B /* JokeHeaderView.swift in Sources */,
				6ADD26BF27EF961200F3D35E /* JokeDetailView.swift in Sources */,
				6ADD26BD27EF92FA00F3D35E /* jvmSpeach.swift in Sources */,
				6A016CD727DAF0A10052257B /* SimpleChuckApp.swift in Sources */,
				6A016CF527DD47F20052257B /* JokesView.swift in Sources */,
				6A016CF327DD39CC0052257B /* JokeListView.swift in Sources */,
				6A016CE627DAF10A0052257B /* Joke.swift in Sources */,
			);
			runOnlyForDeploymentPostprocessing = 0;
		};
/* End PBXSourcesBuildPhase section */

/* Begin XCBuildConfiguration section */
		6A016CDF27DAF0A30052257B /* Debug */ = {
			isa = XCBuildConfiguration;
			buildSettings = {
				ALWAYS_SEARCH_USER_PATHS = NO;
				CLANG_ANALYZER_NONNULL = YES;
				CLANG_ANALYZER_NUMBER_OBJECT_CONVERSION = YES_AGGRESSIVE;
				CLANG_CXX_LANGUAGE_STANDARD = "gnu++17";
				CLANG_CXX_LIBRARY = "libc++";
				CLANG_ENABLE_MODULES = YES;
				CLANG_ENABLE_OBJC_ARC = YES;
				CLANG_ENABLE_OBJC_WEAK = YES;
				CLANG_WARN_BLOCK_CAPTURE_AUTORELEASING = YES;
				CLANG_WARN_BOOL_CONVERSION = YES;
				CLANG_WARN_COMMA = YES;
				CLANG_WARN_CONSTANT_CONVERSION = YES;
				CLANG_WARN_DEPRECATED_OBJC_IMPLEMENTATIONS = YES;
				CLANG_WARN_DIRECT_OBJC_ISA_USAGE = YES_ERROR;
				CLANG_WARN_DOCUMENTATION_COMMENTS = YES;
				CLANG_WARN_EMPTY_BODY = YES;
				CLANG_WARN_ENUM_CONVERSION = YES;
				CLANG_WARN_INFINITE_RECURSION = YES;
				CLANG_WARN_INT_CONVERSION = YES;
				CLANG_WARN_NON_LITERAL_NULL_CONVERSION = YES;
				CLANG_WARN_OBJC_IMPLICIT_RETAIN_SELF = YES;
				CLANG_WARN_OBJC_LITERAL_CONVERSION = YES;
				CLANG_WARN_OBJC_ROOT_CLASS = YES_ERROR;
				CLANG_WARN_QUOTED_INCLUDE_IN_FRAMEWORK_HEADER = YES;
				CLANG_WARN_RANGE_LOOP_ANALYSIS = YES;
				CLANG_WARN_STRICT_PROTOTYPES = YES;
				CLANG_WARN_SUSPICIOUS_MOVE = YES;
				CLANG_WARN_UNGUARDED_AVAILABILITY = YES_AGGRESSIVE;
				CLANG_WARN_UNREACHABLE_CODE = YES;
				CLANG_WARN__DUPLICATE_METHOD_MATCH = YES;
				COPY_PHASE_STRIP = NO;
				DEBUG_INFORMATION_FORMAT = dwarf;
				ENABLE_STRICT_OBJC_MSGSEND = YES;
				ENABLE_TESTABILITY = YES;
				GCC_C_LANGUAGE_STANDARD = gnu11;
				GCC_DYNAMIC_NO_PIC = NO;
				GCC_NO_COMMON_BLOCKS = YES;
				GCC_OPTIMIZATION_LEVEL = 0;
				GCC_PREPROCESSOR_DEFINITIONS = (
					"DEBUG=1",
					"$(inherited)",
				);
				GCC_WARN_64_TO_32_BIT_CONVERSION = YES;
				GCC_WARN_ABOUT_RETURN_TYPE = YES_ERROR;
				GCC_WARN_UNDECLARED_SELECTOR = YES;
				GCC_WARN_UNINITIALIZED_AUTOS = YES_AGGRESSIVE;
				GCC_WARN_UNUSED_FUNCTION = YES;
				GCC_WARN_UNUSED_VARIABLE = YES;
				IPHONEOS_DEPLOYMENT_TARGET = 15.0;
				MTL_ENABLE_DEBUG_INFO = INCLUDE_SOURCE;
				MTL_FAST_MATH = YES;
				ONLY_ACTIVE_ARCH = YES;
				SDKROOT = iphoneos;
				SWIFT_ACTIVE_COMPILATION_CONDITIONS = DEBUG;
				SWIFT_OPTIMIZATION_LEVEL = "-Onone";
			};
			name = Debug;
		};
		6A016CE027DAF0A30052257B /* Release */ = {
			isa = XCBuildConfiguration;
			buildSettings = {
				ALWAYS_SEARCH_USER_PATHS = NO;
				CLANG_ANALYZER_NONNULL = YES;
				CLANG_ANALYZER_NUMBER_OBJECT_CONVERSION = YES_AGGRESSIVE;
				CLANG_CXX_LANGUAGE_STANDARD = "gnu++17";
				CLANG_CXX_LIBRARY = "libc++";
				CLANG_ENABLE_MODULES = YES;
				CLANG_ENABLE_OBJC_ARC = YES;
				CLANG_ENABLE_OBJC_WEAK = YES;
				CLANG_WARN_BLOCK_CAPTURE_AUTORELEASING = YES;
				CLANG_WARN_BOOL_CONVERSION = YES;
				CLANG_WARN_COMMA = YES;
				CLANG_WARN_CONSTANT_CONVERSION = YES;
				CLANG_WARN_DEPRECATED_OBJC_IMPLEMENTATIONS = YES;
				CLANG_WARN_DIRECT_OBJC_ISA_USAGE = YES_ERROR;
				CLANG_WARN_DOCUMENTATION_COMMENTS = YES;
				CLANG_WARN_EMPTY_BODY = YES;
				CLANG_WARN_ENUM_CONVERSION = YES;
				CLANG_WARN_INFINITE_RECURSION = YES;
				CLANG_WARN_INT_CONVERSION = YES;
				CLANG_WARN_NON_LITERAL_NULL_CONVERSION = YES;
				CLANG_WARN_OBJC_IMPLICIT_RETAIN_SELF = YES;
				CLANG_WARN_OBJC_LITERAL_CONVERSION = YES;
				CLANG_WARN_OBJC_ROOT_CLASS = YES_ERROR;
				CLANG_WARN_QUOTED_INCLUDE_IN_FRAMEWORK_HEADER = YES;
				CLANG_WARN_RANGE_LOOP_ANALYSIS = YES;
				CLANG_WARN_STRICT_PROTOTYPES = YES;
				CLANG_WARN_SUSPICIOUS_MOVE = YES;
				CLANG_WARN_UNGUARDED_AVAILABILITY = YES_AGGRESSIVE;
				CLANG_WARN_UNREACHABLE_CODE = YES;
				CLANG_WARN__DUPLICATE_METHOD_MATCH = YES;
				COPY_PHASE_STRIP = NO;
				DEBUG_INFORMATION_FORMAT = "dwarf-with-dsym";
				ENABLE_NS_ASSERTIONS = NO;
				ENABLE_STRICT_OBJC_MSGSEND = YES;
				GCC_C_LANGUAGE_STANDARD = gnu11;
				GCC_NO_COMMON_BLOCKS = YES;
				GCC_WARN_64_TO_32_BIT_CONVERSION = YES;
				GCC_WARN_ABOUT_RETURN_TYPE = YES_ERROR;
				GCC_WARN_UNDECLARED_SELECTOR = YES;
				GCC_WARN_UNINITIALIZED_AUTOS = YES_AGGRESSIVE;
				GCC_WARN_UNUSED_FUNCTION = YES;
				GCC_WARN_UNUSED_VARIABLE = YES;
				IPHONEOS_DEPLOYMENT_TARGET = 15.0;
				MTL_ENABLE_DEBUG_INFO = NO;
				MTL_FAST_MATH = YES;
				SDKROOT = iphoneos;
				SWIFT_COMPILATION_MODE = wholemodule;
				SWIFT_OPTIMIZATION_LEVEL = "-O";
				VALIDATE_PRODUCT = YES;
			};
			name = Release;
		};
		6A016CE227DAF0A30052257B /* Debug */ = {
			isa = XCBuildConfiguration;
			buildSettings = {
				ASSETCATALOG_COMPILER_APPICON_NAME = AppIcon;
				ASSETCATALOG_COMPILER_GLOBAL_ACCENT_COLOR_NAME = AccentColor;
				CODE_SIGN_STYLE = Automatic;
				CURRENT_PROJECT_VERSION = 1;
				DEVELOPMENT_ASSET_PATHS = "\"SimpleChuck/Preview Content\"";
				DEVELOPMENT_TEAM = LZXPYWA3BJ;
				ENABLE_PREVIEWS = YES;
				GENERATE_INFOPLIST_FILE = YES;
				INFOPLIST_KEY_UIApplicationSceneManifest_Generation = YES;
				INFOPLIST_KEY_UIApplicationSupportsIndirectInputEvents = YES;
				INFOPLIST_KEY_UILaunchScreen_Generation = YES;
				INFOPLIST_KEY_UISupportedInterfaceOrientations_iPad = "UIInterfaceOrientationPortrait UIInterfaceOrientationPortraitUpsideDown UIInterfaceOrientationLandscapeLeft UIInterfaceOrientationLandscapeRight";
				INFOPLIST_KEY_UISupportedInterfaceOrientations_iPhone = "UIInterfaceOrientationPortrait UIInterfaceOrientationLandscapeLeft UIInterfaceOrientationLandscapeRight";
				LD_RUNPATH_SEARCH_PATHS = (
					"$(inherited)",
					"@executable_path/Frameworks",
				);
				MARKETING_VERSION = 1.0;
				PRODUCT_BUNDLE_IDENTIFIER = com.fastpeter.SimpleChuck;
				PRODUCT_NAME = "$(TARGET_NAME)";
				SWIFT_EMIT_LOC_STRINGS = YES;
				SWIFT_VERSION = 5.0;
				TARGETED_DEVICE_FAMILY = "1,2";
			};
			name = Debug;
		};
		6A016CE327DAF0A30052257B /* Release */ = {
			isa = XCBuildConfiguration;
			buildSettings = {
				ASSETCATALOG_COMPILER_APPICON_NAME = AppIcon;
				ASSETCATALOG_COMPILER_GLOBAL_ACCENT_COLOR_NAME = AccentColor;
				CODE_SIGN_STYLE = Automatic;
				CURRENT_PROJECT_VERSION = 1;
				DEVELOPMENT_ASSET_PATHS = "\"SimpleChuck/Preview Content\"";
				DEVELOPMENT_TEAM = LZXPYWA3BJ;
				ENABLE_PREVIEWS = YES;
				GENERATE_INFOPLIST_FILE = YES;
				INFOPLIST_KEY_UIApplicationSceneManifest_Generation = YES;
				INFOPLIST_KEY_UIApplicationSupportsIndirectInputEvents = YES;
				INFOPLIST_KEY_UILaunchScreen_Generation = YES;
				INFOPLIST_KEY_UISupportedInterfaceOrientations_iPad = "UIInterfaceOrientationPortrait UIInterfaceOrientationPortraitUpsideDown UIInterfaceOrientationLandscapeLeft UIInterfaceOrientationLandscapeRight";
				INFOPLIST_KEY_UISupportedInterfaceOrientations_iPhone = "UIInterfaceOrientationPortrait UIInterfaceOrientationLandscapeLeft UIInterfaceOrientationLandscapeRight";
				LD_RUNPATH_SEARCH_PATHS = (
					"$(inherited)",
					"@executable_path/Frameworks",
				);
				MARKETING_VERSION = 1.0;
				PRODUCT_BUNDLE_IDENTIFIER = com.fastpeter.SimpleChuck;
				PRODUCT_NAME = "$(TARGET_NAME)";
				SWIFT_EMIT_LOC_STRINGS = YES;
				SWIFT_VERSION = 5.0;
				TARGETED_DEVICE_FAMILY = "1,2";
			};
			name = Release;
		};
/* End XCBuildConfiguration section */

/* Begin XCConfigurationList section */
		6A016CCE27DAF0A10052257B /* Build configuration list for PBXProject "SimpleChuck" */ = {
			isa = XCConfigurationList;
			buildConfigurations = (
				6A016CDF27DAF0A30052257B /* Debug */,
				6A016CE027DAF0A30052257B /* Release */,
			);
			defaultConfigurationIsVisible = 0;
			defaultConfigurationName = Release;
		};
		6A016CE127DAF0A30052257B /* Build configuration list for PBXNativeTarget "SimpleChuck" */ = {
			isa = XCConfigurationList;
			buildConfigurations = (
				6A016CE227DAF0A30052257B /* Debug */,
				6A016CE327DAF0A30052257B /* Release */,
			);
			defaultConfigurationIsVisible = 0;
			defaultConfigurationName = Release;
		};
/* End XCConfigurationList section */
	};
	rootObject = 6A016CCB27DAF0A10052257B /* Project object */;
}
